
Microsoft Visual Studio Solution File, Format Version 12.00
# Visual Studio Version 16
VisualStudioVersion = 16.0.30711.63
MinimumVisualStudioVersion = 10.0.40219.1
Project("{9A19103F-16F7-4668-BE54-9A1E7A4F7556}") = "MayaBinance.Domain", "MayaBinance.Domain\MayaBinance.Domain.csproj", "{8B746F9E-6F62-4471-B0D6-D7A90393E7ED}"
EndProject
Project("{9A19103F-16F7-4668-BE54-9A1E7A4F7556}") = "MayaBinance.DataAccess", "MayaBinance.DataAccess\MayaBinance.DataAccess.csproj", "{55CC3D86-BBFB-4CA1-957F-B95A077EB65C}"
EndProject
Project("{FAE04EC0-301F-11D3-BF4B-00C04F79EFBC}") = "MayaBinance.Api", "MayaBinance.Api\MayaBinance.Api.csproj", "{AA67A97D-B8CA-442C-81F9-17C8D3676179}"
EndProject
Project("{FAE04EC0-301F-11D3-BF4B-00C04F79EFBC}") = "MayaBinance.Application", "MayaBinance.Application\MayaBinance.Application.csproj", "{61768F12-1B38-4F94-A8EC-FC9898DD8F71}"
EndProject
Project("{FAE04EC0-301F-11D3-BF4B-00C04F79EFBC}") = "MayaBinance.Shared", "MayaBinance.Shared\MayaBinance.Shared.csproj", "{253C59CC-6BDC-4018-AE9E-E760D85B5328}"
EndProject
Global
	GlobalSection(SolutionConfigurationPlatforms) = preSolution
		Debug|Any CPU = Debug|Any CPU
		Release|Any CPU = Release|Any CPU
	EndGlobalSection
	GlobalSection(ProjectConfigurationPlatforms) = postSolution
		{8B746F9E-6F62-4471-B0D6-D7A90393E7ED}.Debug|Any CPU.ActiveCfg = Debug|Any CPU
		{8B746F9E-6F62-4471-B0D6-D7A90393E7ED}.Debug|Any CPU.Build.0 = Debug|Any CPU
		{8B746F9E-6F62-4471-B0D6-D7A90393E7ED}.Release|Any CPU.ActiveCfg = Release|Any CPU
		{8B746F9E-6F62-4471-B0D6-D7A90393E7ED}.Release|Any CPU.Build.0 = Release|Any CPU
		{55CC3D86-BBFB-4CA1-957F-B95A077EB65C}.Debug|Any CPU.ActiveCfg = Debug|Any CPU
		{55CC3D86-BBFB-4CA1-957F-B95A077EB65C}.Debug|Any CPU.Build.0 = Debug|Any CPU
		{55CC3D86-BBFB-4CA1-957F-B95A077EB65C}.Release|Any CPU.ActiveCfg = Release|Any CPU
		{55CC3D86-BBFB-4CA1-957F-B95A077EB65C}.Release|Any CPU.Build.0 = Release|Any CPU
		{AA67A97D-B8CA-442C-81F9-17C8D3676179}.Debug|Any CPU.ActiveCfg = Debug|Any CPU
		{AA67A97D-B8CA-442C-81F9-17C8D3676179}.Debug|Any CPU.Build.0 = Debug|Any CPU
		{AA67A97D-B8CA-442C-81F9-17C8D3676179}.Release|Any CPU.ActiveCfg = Release|Any CPU
		{AA67A97D-B8CA-442C-81F9-17C8D3676179}.Release|Any CPU.Build.0 = Release|Any CPU
		{61768F12-1B38-4F94-A8EC-FC9898DD8F71}.Debug|Any CPU.ActiveCfg = Debug|Any CPU
		{61768F12-1B38-4F94-A8EC-FC9898DD8F71}.Debug|Any CPU.Build.0 = Debug|Any CPU
		{61768F12-1B38-4F94-A8EC-FC9898DD8F71}.Release|Any CPU.ActiveCfg = Release|Any CPU
		{61768F12-1B38-4F94-A8EC-FC9898DD8F71}.Release|Any CPU.Build.0 = Release|Any CPU
		{253C59CC-6BDC-4018-AE9E-E760D85B5328}.Debug|Any CPU.ActiveCfg = Debug|Any CPU
		{253C59CC-6BDC-4018-AE9E-E760D85B5328}.Debug|Any CPU.Build.0 = Debug|Any CPU
		{253C59CC-6BDC-4018-AE9E-E760D85B5328}.Release|Any CPU.ActiveCfg = Release|Any CPU
		{253C59CC-6BDC-4018-AE9E-E760D85B5328}.Release|Any CPU.Build.0 = Release|Any CPU
	EndGlobalSection
	GlobalSection(SolutionProperties) = preSolution
		HideSolutionNode = FALSE
	EndGlobalSection
	GlobalSection(ExtensibilityGlobals) = postSolution
		SolutionGuid = {79BF571A-59AB-46BC-B5AD-4E3648363EE5}
	EndGlobalSection
EndGlobal
